
Microsoft Visual Studio Solution File, Format Version 12.00
# Visual Studio 15
VisualStudioVersion = 15.0.28010.2046
MinimumVisualStudioVersion = 10.0.40219.1
Project("{D2ABAB84-BF74-430A-B69E-9DC6D40DDA17}") = "SmartPhoneBrandSSASProject", "SmartPhoneBrandSSASProject\SmartPhoneBrandSSASProject.dwproj", "{D31506AF-B25F-4281-BD8B-CCFC2232C202}"
EndProject
Global
	GlobalSection(SolutionConfigurationPlatforms) = preSolution
		Development|Default = Development|Default
	EndGlobalSection
	GlobalSection(ProjectConfigurationPlatforms) = postSolution
		{D31506AF-B25F-4281-BD8B-CCFC2232C202}.Development|Default.ActiveCfg = Development
		{D31506AF-B25F-4281-BD8B-CCFC2232C202}.Development|Default.Build.0 = Development
		{D31506AF-B25F-4281-BD8B-CCFC2232C202}.Development|Default.Deploy.0 = Development
	EndGlobalSection
	GlobalSection(SolutionProperties) = preSolution
		HideSolutionNode = FALSE
	EndGlobalSection
	GlobalSection(ExtensibilityGlobals) = postSolution
		SolutionGuid = {69A84749-12F8-401C-8DBD-BCEC5E9CE757}
	EndGlobalSection
EndGlobal
